// !$*UTF8*$!
{
	archiveVersion = 1;
	classes = {
	};
	objectVersion = 46;
	objects = {

/* Begin PBXBuildFile section */
		CDDA5ABB1C5DE2CD000C904D /* AppDelegate.swift in Sources */ = {isa = PBXBuildFile; fileRef = CDDA5ABA1C5DE2CD000C904D /* AppDelegate.swift */; };
		CDDA5AC01C5DE2CD000C904D /* Main.storyboard in Resources */ = {isa = PBXBuildFile; fileRef = CDDA5ABE1C5DE2CD000C904D /* Main.storyboard */; };
		CDDA5AC21C5DE2CD000C904D /* Assets.xcassets in Resources */ = {isa = PBXBuildFile; fileRef = CDDA5AC11C5DE2CD000C904D /* Assets.xcassets */; };
		CDDA5AC51C5DE2CD000C904D /* LaunchScreen.storyboard in Resources */ = {isa = PBXBuildFile; fileRef = CDDA5AC31C5DE2CD000C904D /* LaunchScreen.storyboard */; };
		CDDA5AD21C5DE5C3000C904D /* MainViewController.swift in Sources */ = {isa = PBXBuildFile; fileRef = CDDA5AD11C5DE5C3000C904D /* MainViewController.swift */; };
		CDF8A1681C5EF920005180B8 /* OpenCVWrapper.mm in Sources */ = {isa = PBXBuildFile; fileRef = CDF8A1671C5EF920005180B8 /* OpenCVWrapper.mm */; };
		CDF8A16A1C5F0939005180B8 /* haarcascade_frontalface_alt.xml in Resources */ = {isa = PBXBuildFile; fileRef = CDF8A1691C5F0939005180B8 /* haarcascade_frontalface_alt.xml */; };
		CDF8A1891C5F798F005180B8 /* opencv2.framework in Frameworks */ = {isa = PBXBuildFile; fileRef = CDF8A1881C5F798F005180B8 /* opencv2.framework */; };
/* End PBXBuildFile section */

/* Begin PBXFileReference section */
		CDD47D2C1C5E0E7400C3AD59 /* Amazing Mask-Bridging-Header.h */ = {isa = PBXFileReference; lastKnownFileType = sourcecode.c.h; path = "Amazing Mask-Bridging-Header.h"; sourceTree = "<group>"; };
		CDDA5AB71C5DE2CD000C904D /* Amazing Mask.app */ = {isa = PBXFileReference; explicitFileType = wrapper.application; includeInIndex = 0; path = "Amazing Mask.app"; sourceTree = BUILT_PRODUCTS_DIR; };
		CDDA5ABA1C5DE2CD000C904D /* AppDelegate.swift */ = {isa = PBXFileReference; lastKnownFileType = sourcecode.swift; path = AppDelegate.swift; sourceTree = "<group>"; };
		CDDA5ABF1C5DE2CD000C904D /* Base */ = {isa = PBXFileReference; lastKnownFileType = file.storyboard; name = Base; path = Base.lproj/Main.storyboard; sourceTree = "<group>"; };
		CDDA5AC11C5DE2CD000C904D /* Assets.xcassets */ = {isa = PBXFileReference; lastKnownFileType = folder.assetcatalog; name = Assets.xcassets; path = "Amazing Mask/Assets.xcassets"; sourceTree = "<group>"; };
		CDDA5AC41C5DE2CD000C904D /* Base */ = {isa = PBXFileReference; lastKnownFileType = file.storyboard; name = Base; path = Base.lproj/LaunchScreen.storyboard; sourceTree = "<group>"; };
		CDDA5AC61C5DE2CD000C904D /* Info.plist */ = {isa = PBXFileReference; lastKnownFileType = text.plist.xml; name = Info.plist; path = "Amazing Mask/Info.plist"; sourceTree = "<group>"; };
		CDDA5AD11C5DE5C3000C904D /* MainViewController.swift */ = {isa = PBXFileReference; fileEncoding = 4; lastKnownFileType = sourcecode.swift; path = MainViewController.swift; sourceTree = "<group>"; };
		CDF8A1661C5EF920005180B8 /* OpenCVWrapper.h */ = {isa = PBXFileReference; fileEncoding = 4; lastKnownFileType = sourcecode.c.h; path = OpenCVWrapper.h; sourceTree = "<group>"; };
		CDF8A1671C5EF920005180B8 /* OpenCVWrapper.mm */ = {isa = PBXFileReference; fileEncoding = 4; lastKnownFileType = sourcecode.cpp.objcpp; path = OpenCVWrapper.mm; sourceTree = "<group>"; };
		CDF8A1691C5F0939005180B8 /* haarcascade_frontalface_alt.xml */ = {isa = PBXFileReference; fileEncoding = 4; lastKnownFileType = text.xml; path = haarcascade_frontalface_alt.xml; sourceTree = "<group>"; };
		CDF8A1881C5F798F005180B8 /* opencv2.framework */ = {isa = PBXFileReference; lastKnownFileType = wrapper.framework; path = opencv2.framework; sourceTree = "<group>"; };
/* End PBXFileReference section */

/* Begin PBXFrameworksBuildPhase section */
		CDDA5AB41C5DE2CD000C904D /* Frameworks */ = {
			isa = PBXFrameworksBuildPhase;
			buildActionMask = 2147483647;
			files = (
				CDF8A1891C5F798F005180B8 /* opencv2.framework in Frameworks */,
			);
			runOnlyForDeploymentPostprocessing = 0;
		};
/* End PBXFrameworksBuildPhase section */

/* Begin PBXGroup section */
		CDDA5AAE1C5DE2CD000C904D = {
			isa = PBXGroup;
			children = (
				CDF8A1651C5EF8FE005180B8 /* Wrapper */,
				CDF8A1621C5EEFF3005180B8 /* Library */,
				CDDA5AB91C5DE2CD000C904D /* Amazing Mask */,
				CDDA5ACD1C5DE30D000C904D /* Resources */,
				CDDA5ACC1C5DE2DA000C904D /* ViewControllers */,
				CDDA5AB81C5DE2CD000C904D /* Products */,
			);
			sourceTree = "<group>";
		};
		CDDA5AB81C5DE2CD000C904D /* Products */ = {
			isa = PBXGroup;
			children = (
				CDDA5AB71C5DE2CD000C904D /* Amazing Mask.app */,
			);
			name = Products;
			sourceTree = "<group>";
		};
		CDDA5AB91C5DE2CD000C904D /* Amazing Mask */ = {
			isa = PBXGroup;
			children = (
				CDDA5ABA1C5DE2CD000C904D /* AppDelegate.swift */,
			);
			path = "Amazing Mask";
			sourceTree = "<group>";
		};
		CDDA5ACC1C5DE2DA000C904D /* ViewControllers */ = {
			isa = PBXGroup;
			children = (
				CDDA5AD11C5DE5C3000C904D /* MainViewController.swift */,
			);
			name = ViewControllers;
			sourceTree = "<group>";
		};
		CDDA5ACD1C5DE30D000C904D /* Resources */ = {
			isa = PBXGroup;
			children = (
				CDDA5ABE1C5DE2CD000C904D /* Main.storyboard */,
				CDDA5AC11C5DE2CD000C904D /* Assets.xcassets */,
				CDDA5AC31C5DE2CD000C904D /* LaunchScreen.storyboard */,
				CDDA5AC61C5DE2CD000C904D /* Info.plist */,
			);
			name = Resources;
			sourceTree = "<group>";
		};
		CDF8A1621C5EEFF3005180B8 /* Library */ = {
			isa = PBXGroup;
			children = (
				CDF8A1881C5F798F005180B8 /* opencv2.framework */,
				CDF8A1691C5F0939005180B8 /* haarcascade_frontalface_alt.xml */,
			);
			name = Library;
			sourceTree = "<group>";
		};
		CDF8A1651C5EF8FE005180B8 /* Wrapper */ = {
			isa = PBXGroup;
			children = (
				CDD47D2C1C5E0E7400C3AD59 /* Amazing Mask-Bridging-Header.h */,
				CDF8A1661C5EF920005180B8 /* OpenCVWrapper.h */,
				CDF8A1671C5EF920005180B8 /* OpenCVWrapper.mm */,
			);
			name = Wrapper;
			sourceTree = "<group>";
		};
/* End PBXGroup section */

/* Begin PBXNativeTarget section */
		CDDA5AB61C5DE2CD000C904D /* Amazing Mask */ = {
			isa = PBXNativeTarget;
			buildConfigurationList = CDDA5AC91C5DE2CD000C904D /* Build configuration list for PBXNativeTarget "Amazing Mask" */;
			buildPhases = (
				CDDA5AB31C5DE2CD000C904D /* Sources */,
				CDDA5AB41C5DE2CD000C904D /* Frameworks */,
				CDDA5AB51C5DE2CD000C904D /* Resources */,
			);
			buildRules = (
			);
			dependencies = (
			);
			name = "Amazing Mask";
			productName = "Amazing Mask";
			productReference = CDDA5AB71C5DE2CD000C904D /* Amazing Mask.app */;
			productType = "com.apple.product-type.application";
		};
/* End PBXNativeTarget section */

/* Begin PBXProject section */
		CDDA5AAF1C5DE2CD000C904D /* Project object */ = {
			isa = PBXProject;
			attributes = {
				LastSwiftUpdateCheck = 0720;
				LastUpgradeCheck = 0720;
				ORGANIZATIONNAME = Louie;
				TargetAttributes = {
					CDDA5AB61C5DE2CD000C904D = {
						CreatedOnToolsVersion = 7.2;
						DevelopmentTeam = MZTF87AKF4;
					};
				};
			};
			buildConfigurationList = CDDA5AB21C5DE2CD000C904D /* Build configuration list for PBXProject "Amazing Mask" */;
			compatibilityVersion = "Xcode 3.2";
			developmentRegion = English;
			hasScannedForEncodings = 0;
			knownRegions = (
				en,
				Base,
			);
			mainGroup = CDDA5AAE1C5DE2CD000C904D;
			productRefGroup = CDDA5AB81C5DE2CD000C904D /* Products */;
			projectDirPath = "";
			projectRoot = "";
			targets = (
				CDDA5AB61C5DE2CD000C904D /* Amazing Mask */,
			);
		};
/* End PBXProject section */

/* Begin PBXResourcesBuildPhase section */
		CDDA5AB51C5DE2CD000C904D /* Resources */ = {
			isa = PBXResourcesBuildPhase;
			buildActionMask = 2147483647;
			files = (
				CDDA5AC51C5DE2CD000C904D /* LaunchScreen.storyboard in Resources */,
				CDDA5AC21C5DE2CD000C904D /* Assets.xcassets in Resources */,
				CDF8A16A1C5F0939005180B8 /* haarcascade_frontalface_alt.xml in Resources */,
				CDDA5AC01C5DE2CD000C904D /* Main.storyboard in Resources */,
			);
			runOnlyForDeploymentPostprocessing = 0;
		};
/* End PBXResourcesBuildPhase section */

/* Begin PBXSourcesBuildPhase section */
		CDDA5AB31C5DE2CD000C904D /* Sources */ = {
			isa = PBXSourcesBuildPhase;
			buildActionMask = 2147483647;
			files = (
				CDDA5ABB1C5DE2CD000C904D /* AppDelegate.swift in Sources */,
				CDDA5AD21C5DE5C3000C904D /* MainViewController.swift in Sources */,
				CDF8A1681C5EF920005180B8 /* OpenCVWrapper.mm in Sources */,
			);
			runOnlyForDeploymentPostprocessing = 0;
		};
/* End PBXSourcesBuildPhase section */

/* Begin PBXVariantGroup section */
		CDDA5ABE1C5DE2CD000C904D /* Main.storyboard */ = {
			isa = PBXVariantGroup;
			children = (
				CDDA5ABF1C5DE2CD000C904D /* Base */,
			);
			name = Main.storyboard;
			path = "Amazing Mask";
			sourceTree = "<group>";
		};
		CDDA5AC31C5DE2CD000C904D /* LaunchScreen.storyboard */ = {
			isa = PBXVariantGroup;
			children = (
				CDDA5AC41C5DE2CD000C904D /* Base */,
			);
			name = LaunchScreen.storyboard;
			path = "Amazing Mask";
			sourceTree = "<group>";
		};
/* End PBXVariantGroup section */

/* Begin XCBuildConfiguration section */
		CDDA5AC71C5DE2CD000C904D /* Debug */ = {
			isa = XCBuildConfiguration;
			buildSettings = {
				ALWAYS_SEARCH_USER_PATHS = NO;
				CLANG_CXX_LANGUAGE_STANDARD = "gnu++0x";
				CLANG_CXX_LIBRARY = "libc++";
				CLANG_ENABLE_MODULES = YES;
				CLANG_ENABLE_OBJC_ARC = YES;
				CLANG_WARN_BOOL_CONVERSION = YES;
				CLANG_WARN_CONSTANT_CONVERSION = YES;
				CLANG_WARN_DIRECT_OBJC_ISA_USAGE = YES_ERROR;
				CLANG_WARN_EMPTY_BODY = YES;
				CLANG_WARN_ENUM_CONVERSION = YES;
				CLANG_WARN_INT_CONVERSION = YES;
				CLANG_WARN_OBJC_ROOT_CLASS = YES_ERROR;
				CLANG_WARN_UNREACHABLE_CODE = YES;
				CLANG_WARN__DUPLICATE_METHOD_MATCH = YES;
				"CODE_SIGN_IDENTITY[sdk=iphoneos*]" = "iPhone Developer";
				COPY_PHASE_STRIP = NO;
				DEBUG_INFORMATION_FORMAT = dwarf;
				ENABLE_STRICT_OBJC_MSGSEND = YES;
				ENABLE_TESTABILITY = YES;
				GCC_C_LANGUAGE_STANDARD = gnu99;
				GCC_DYNAMIC_NO_PIC = NO;
				GCC_NO_COMMON_BLOCKS = YES;
				GCC_OPTIMIZATION_LEVEL = 0;
				GCC_PREPROCESSOR_DEFINITIONS = (
					"DEBUG=1",
					"$(inherited)",
				);
				GCC_WARN_64_TO_32_BIT_CONVERSION = YES;
				GCC_WARN_ABOUT_RETURN_TYPE = YES_ERROR;
				GCC_WARN_UNDECLARED_SELECTOR = YES;
				GCC_WARN_UNINITIALIZED_AUTOS = YES_AGGRESSIVE;
				GCC_WARN_UNUSED_FUNCTION = YES;
				GCC_WARN_UNUSED_VARIABLE = YES;
				IPHONEOS_DEPLOYMENT_TARGET = 9.2;
				MTL_ENABLE_DEBUG_INFO = YES;
				ONLY_ACTIVE_ARCH = YES;
				SDKROOT = iphoneos;
				SWIFT_OPTIMIZATION_LEVEL = "-Onone";
				TARGETED_DEVICE_FAMILY = "1,2";
			};
			name = Debug;
		};
		CDDA5AC81C5DE2CD000C904D /* Release */ = {
			isa = XCBuildConfiguration;
			buildSettings = {
				ALWAYS_SEARCH_USER_PATHS = NO;
				CLANG_CXX_LANGUAGE_STANDARD = "gnu++0x";
				CLANG_CXX_LIBRARY = "libc++";
				CLANG_ENABLE_MODULES = YES;
				CLANG_ENABLE_OBJC_ARC = YES;
				CLANG_WARN_BOOL_CONVERSION = YES;
				CLANG_WARN_CONSTANT_CONVERSION = YES;
				CLANG_WARN_DIRECT_OBJC_ISA_USAGE = YES_ERROR;
				CLANG_WARN_EMPTY_BODY = YES;
				CLANG_WARN_ENUM_CONVERSION = YES;
				CLANG_WARN_INT_CONVERSION = YES;
				CLANG_WARN_OBJC_ROOT_CLASS = YES_ERROR;
				CLANG_WARN_UNREACHABLE_CODE = YES;
				CLANG_WARN__DUPLICATE_METHOD_MATCH = YES;
				"CODE_SIGN_IDENTITY[sdk=iphoneos*]" = "iPhone Developer";
				COPY_PHASE_STRIP = NO;
				DEBUG_INFORMATION_FORMAT = "dwarf-with-dsym";
				ENABLE_NS_ASSERTIONS = NO;
				ENABLE_STRICT_OBJC_MSGSEND = YES;
				GCC_C_LANGUAGE_STANDARD = gnu99;
				GCC_NO_COMMON_BLOCKS = YES;
				GCC_WARN_64_TO_32_BIT_CONVERSION = YES;
				GCC_WARN_ABOUT_RETURN_TYPE = YES_ERROR;
				GCC_WARN_UNDECLARED_SELECTOR = YES;
				GCC_WARN_UNINITIALIZED_AUTOS = YES_AGGRESSIVE;
				GCC_WARN_UNUSED_FUNCTION = YES;
				GCC_WARN_UNUSED_VARIABLE = YES;
				IPHONEOS_DEPLOYMENT_TARGET = 9.2;
				MTL_ENABLE_DEBUG_INFO = NO;
				SDKROOT = iphoneos;
				TARGETED_DEVICE_FAMILY = "1,2";
				VALIDATE_PRODUCT = YES;
			};
			name = Release;
		};
		CDDA5ACA1C5DE2CD000C904D /* Debug */ = {
			isa = XCBuildConfiguration;
			buildSettings = {
				ARCHS = "$(ARCHS_STANDARD)";
				ASSETCATALOG_COMPILER_APPICON_NAME = AppIcon;
				CLANG_CXX_LANGUAGE_STANDARD = "gnu++0x";
				CLANG_CXX_LIBRARY = "libc++";
				CLANG_ENABLE_MODULES = YES;
				FRAMEWORK_SEARCH_PATHS = (
					"$(inherited)",
					"$(PROJECT_DIR)",
				);
				HEADER_SEARCH_PATHS = "";
				INFOPLIST_FILE = "Amazing Mask/Info.plist";
				LD_RUNPATH_SEARCH_PATHS = "$(inherited) @executable_path/Frameworks";
				LIBRARY_SEARCH_PATHS = (
					"$(inherited)",
					"$(PROJECT_DIR)",
				);
				ONLY_ACTIVE_ARCH = YES;
				PRODUCT_BUNDLE_IDENTIFIER = "Lphere.Amazing-Mask";
				PRODUCT_NAME = "$(TARGET_NAME)";
				SWIFT_OBJC_BRIDGING_HEADER = "$(PROJECT_DIR)/Amazing Mask-Bridging-Header.h";
				SWIFT_OPTIMIZATION_LEVEL = "-Onone";
				VALID_ARCHS = "arm64 armv7s armv7";
			};
			name = Debug;
		};
		CDDA5ACB1C5DE2CD000C904D /* Release */ = {
			isa = XCBuildConfiguration;
			buildSettings = {
				ARCHS = "$(ARCHS_STANDARD)";
				ASSETCATALOG_COMPILER_APPICON_NAME = AppIcon;
				CLANG_CXX_LANGUAGE_STANDARD = "gnu++0x";
				CLANG_CXX_LIBRARY = "libc++";
				CLANG_ENABLE_MODULES = YES;
				FRAMEWORK_SEARCH_PATHS = (
					"$(inherited)",
					"$(PROJECT_DIR)",
				);
				HEADER_SEARCH_PATHS = "";
				INFOPLIST_FILE = "Amazing Mask/Info.plist";
				LD_RUNPATH_SEARCH_PATHS = "$(inherited) @executable_path/Frameworks";
				LIBRARY_SEARCH_PATHS = (
					"$(inherited)",
					"$(PROJECT_DIR)",
				);
				ONLY_ACTIVE_ARCH = YES;
				PRODUCT_BUNDLE_IDENTIFIER = "Lphere.Amazing-Mask";
				PRODUCT_NAME = "$(TARGET_NAME)";
				SWIFT_OBJC_BRIDGING_HEADER = "$(PROJECT_DIR)/Amazing Mask-Bridging-Header.h";
				VALID_ARCHS = "arm64 armv7s armv7";
			};
			name = Release;
		};
/* End XCBuildConfiguration section */

/* Begin XCConfigurationList section */
		CDDA5AB21C5DE2CD000C904D /* Build configuration list for PBXProject "Amazing Mask" */ = {
			isa = XCConfigurationList;
			buildConfigurations = (
				CDDA5AC71C5DE2CD000C904D /* Debug */,
				CDDA5AC81C5DE2CD000C904D /* Release */,
			);
			defaultConfigurationIsVisible = 0;
			defaultConfigurationName = Release;
		};
		CDDA5AC91C5DE2CD000C904D /* Build configuration list for PBXNativeTarget "Amazing Mask" */ = {
			isa = XCConfigurationList;
			buildConfigurations = (
				CDDA5ACA1C5DE2CD000C904D /* Debug */,
				CDDA5ACB1C5DE2CD000C904D /* Release */,
			);
			defaultConfigurationIsVisible = 0;
			defaultConfigurationName = Release;
		};
/* End XCConfigurationList section */
	};
	rootObject = CDDA5AAF1C5DE2CD000C904D /* Project object */;
}
